// !$*UTF8*$!
{
	archiveVersion = 1;
	classes = {
	};
	objectVersion = 46;
	objects = {

/* Begin PBXBuildFile section */
		8F17737919DEAD9B000EC5C4 /* main.m in Sources */ = {isa = PBXBuildFile; fileRef = 8F17737819DEAD9B000EC5C4 /* main.m */; };
		8F17737C19DEAD9B000EC5C4 /* AppDelegate.m in Sources */ = {isa = PBXBuildFile; fileRef = 8F17737B19DEAD9B000EC5C4 /* AppDelegate.m */; };
		8F17737F19DEAD9B000EC5C4 /* drawer_menu.xcdatamodeld in Sources */ = {isa = PBXBuildFile; fileRef = 8F17737D19DEAD9B000EC5C4 /* drawer_menu.xcdatamodeld */; };
		8F17738119DEAD9B000EC5C4 /* Images.xcassets in Resources */ = {isa = PBXBuildFile; fileRef = 8F17738019DEAD9B000EC5C4 /* Images.xcassets */; };
		8F17738D19DEAD9C000EC5C4 /* drawer_menuTests.m in Sources */ = {isa = PBXBuildFile; fileRef = 8F17738C19DEAD9C000EC5C4 /* drawer_menuTests.m */; };
/* End PBXBuildFile section */

/* Begin PBXContainerItemProxy section */
		8F17738719DEAD9C000EC5C4 /* PBXContainerItemProxy */ = {
			isa = PBXContainerItemProxy;
			containerPortal = 8F17736B19DEAD9B000EC5C4 /* Project object */;
			proxyType = 1;
			remoteGlobalIDString = 8F17737219DEAD9B000EC5C4;
			remoteInfo = "drawer menu";
		};
/* End PBXContainerItemProxy section */

/* Begin PBXFileReference section */
		8F17737319DEAD9B000EC5C4 /* drawer menu.app */ = {isa = PBXFileReference; explicitFileType = wrapper.application; includeInIndex = 0; path = "drawer menu.app"; sourceTree = BUILT_PRODUCTS_DIR; };
		8F17737719DEAD9B000EC5C4 /* Info.plist */ = {isa = PBXFileReference; lastKnownFileType = text.plist.xml; path = Info.plist; sourceTree = "<group>"; };
		8F17737819DEAD9B000EC5C4 /* main.m */ = {isa = PBXFileReference; lastKnownFileType = sourcecode.c.objc; path = main.m; sourceTree = "<group>"; };
		8F17737A19DEAD9B000EC5C4 /* AppDelegate.h */ = {isa = PBXFileReference; lastKnownFileType = sourcecode.c.h; path = AppDelegate.h; sourceTree = "<group>"; };
		8F17737B19DEAD9B000EC5C4 /* AppDelegate.m */ = {isa = PBXFileReference; lastKnownFileType = sourcecode.c.objc; path = AppDelegate.m; sourceTree = "<group>"; };
		8F17737E19DEAD9B000EC5C4 /* drawer_menu.xcdatamodel */ = {isa = PBXFileReference; lastKnownFileType = wrapper.xcdatamodel; path = drawer_menu.xcdatamodel; sourceTree = "<group>"; };
		8F17738019DEAD9B000EC5C4 /* Images.xcassets */ = {isa = PBXFileReference; lastKnownFileType = folder.assetcatalog; path = Images.xcassets; sourceTree = "<group>"; };
		8F17738619DEAD9C000EC5C4 /* drawer menuTests.xctest */ = {isa = PBXFileReference; explicitFileType = wrapper.cfbundle; includeInIndex = 0; path = "drawer menuTests.xctest"; sourceTree = BUILT_PRODUCTS_DIR; };
		8F17738B19DEAD9C000EC5C4 /* Info.plist */ = {isa = PBXFileReference; lastKnownFileType = text.plist.xml; path = Info.plist; sourceTree = "<group>"; };
		8F17738C19DEAD9C000EC5C4 /* drawer_menuTests.m */ = {isa = PBXFileReference; lastKnownFileType = sourcecode.c.objc; path = drawer_menuTests.m; sourceTree = "<group>"; };
/* End PBXFileReference section */

/* Begin PBXFrameworksBuildPhase section */
		8F17737019DEAD9B000EC5C4 /* Frameworks */ = {
			isa = PBXFrameworksBuildPhase;
			buildActionMask = 2147483647;
			files = (
			);
			runOnlyForDeploymentPostprocessing = 0;
		};
		8F17738319DEAD9C000EC5C4 /* Frameworks */ = {
			isa = PBXFrameworksBuildPhase;
			buildActionMask = 2147483647;
			files = (
			);
			runOnlyForDeploymentPostprocessing = 0;
		};
/* End PBXFrameworksBuildPhase section */

/* Begin PBXGroup section */
		8F17736A19DEAD9B000EC5C4 = {
			isa = PBXGroup;
			children = (
				8F17737519DEAD9B000EC5C4 /* drawer menu */,
				8F17738919DEAD9C000EC5C4 /* drawer menuTests */,
				8F17737419DEAD9B000EC5C4 /* Products */,
			);
			sourceTree = "<group>";
		};
		8F17737419DEAD9B000EC5C4 /* Products */ = {
			isa = PBXGroup;
			children = (
				8F17737319DEAD9B000EC5C4 /* drawer menu.app */,
				8F17738619DEAD9C000EC5C4 /* drawer menuTests.xctest */,
			);
			name = Products;
			sourceTree = "<group>";
		};
		8F17737519DEAD9B000EC5C4 /* drawer menu */ = {
			isa = PBXGroup;
			children = (
				8F17737A19DEAD9B000EC5C4 /* AppDelegate.h */,
				8F17737B19DEAD9B000EC5C4 /* AppDelegate.m */,
				8F17738019DEAD9B000EC5C4 /* Images.xcassets */,
				8F17737D19DEAD9B000EC5C4 /* drawer_menu.xcdatamodeld */,
				8F17737619DEAD9B000EC5C4 /* Supporting Files */,
			);
			path = "drawer menu";
			sourceTree = "<group>";
		};
		8F17737619DEAD9B000EC5C4 /* Supporting Files */ = {
			isa = PBXGroup;
			children = (
				8F17737719DEAD9B000EC5C4 /* Info.plist */,
				8F17737819DEAD9B000EC5C4 /* main.m */,
			);
			name = "Supporting Files";
			sourceTree = "<group>";
		};
		8F17738919DEAD9C000EC5C4 /* drawer menuTests */ = {
			isa = PBXGroup;
			children = (
				8F17738C19DEAD9C000EC5C4 /* drawer_menuTests.m */,
				8F17738A19DEAD9C000EC5C4 /* Supporting Files */,
			);
			path = "drawer menuTests";
			sourceTree = "<group>";
		};
		8F17738A19DEAD9C000EC5C4 /* Supporting Files */ = {
			isa = PBXGroup;
			children = (
				8F17738B19DEAD9C000EC5C4 /* Info.plist */,
			);
			name = "Supporting Files";
			sourceTree = "<group>";
		};
/* End PBXGroup section */

/* Begin PBXNativeTarget section */
		8F17737219DEAD9B000EC5C4 /* drawer menu */ = {
			isa = PBXNativeTarget;
			buildConfigurationList = 8F17739019DEAD9C000EC5C4 /* Build configuration list for PBXNativeTarget "drawer menu" */;
			buildPhases = (
				8F17736F19DEAD9B000EC5C4 /* Sources */,
				8F17737019DEAD9B000EC5C4 /* Frameworks */,
				8F17737119DEAD9B000EC5C4 /* Resources */,
			);
			buildRules = (
			);
			dependencies = (
			);
			name = "drawer menu";
			productName = "drawer menu";
			productReference = 8F17737319DEAD9B000EC5C4 /* drawer menu.app */;
			productType = "com.apple.product-type.application";
		};
		8F17738519DEAD9C000EC5C4 /* drawer menuTests */ = {
			isa = PBXNativeTarget;
			buildConfigurationList = 8F17739319DEAD9C000EC5C4 /* Build configuration list for PBXNativeTarget "drawer menuTests" */;
			buildPhases = (
				8F17738219DEAD9C000EC5C4 /* Sources */,
				8F17738319DEAD9C000EC5C4 /* Frameworks */,
				8F17738419DEAD9C000EC5C4 /* Resources */,
			);
			buildRules = (
			);
			dependencies = (
				8F17738819DEAD9C000EC5C4 /* PBXTargetDependency */,
			);
			name = "drawer menuTests";
			productName = "drawer menuTests";
			productReference = 8F17738619DEAD9C000EC5C4 /* drawer menuTests.xctest */;
			productType = "com.apple.product-type.bundle.unit-test";
		};
/* End PBXNativeTarget section */

/* Begin PBXProject section */
		8F17736B19DEAD9B000EC5C4 /* Project object */ = {
			isa = PBXProject;
			attributes = {
				LastUpgradeCheck = 0600;
				ORGANIZATIONNAME = "Leisure Design";
				TargetAttributes = {
					8F17737219DEAD9B000EC5C4 = {
						CreatedOnToolsVersion = 6.0;
					};
					8F17738519DEAD9C000EC5C4 = {
						CreatedOnToolsVersion = 6.0;
						TestTargetID = 8F17737219DEAD9B000EC5C4;
					};
				};
			};
			buildConfigurationList = 8F17736E19DEAD9B000EC5C4 /* Build configuration list for PBXProject "drawer menu" */;
			compatibilityVersion = "Xcode 3.2";
			developmentRegion = English;
			hasScannedForEncodings = 0;
			knownRegions = (
				en,
			);
			mainGroup = 8F17736A19DEAD9B000EC5C4;
			productRefGroup = 8F17737419DEAD9B000EC5C4 /* Products */;
			projectDirPath = "";
			projectRoot = "";
			targets = (
				8F17737219DEAD9B000EC5C4 /* drawer menu */,
				8F17738519DEAD9C000EC5C4 /* drawer menuTests */,
			);
		};
/* End PBXProject section */

/* Begin PBXResourcesBuildPhase section */
		8F17737119DEAD9B000EC5C4 /* Resources */ = {
			isa = PBXResourcesBuildPhase;
			buildActionMask = 2147483647;
			files = (
				8F17738119DEAD9B000EC5C4 /* Images.xcassets in Resources */,
			);
			runOnlyForDeploymentPostprocessing = 0;
		};
		8F17738419DEAD9C000EC5C4 /* Resources */ = {
			isa = PBXResourcesBuildPhase;
			buildActionMask = 2147483647;
			files = (
			);
			runOnlyForDeploymentPostprocessing = 0;
		};
/* End PBXResourcesBuildPhase section */

/* Begin PBXSourcesBuildPhase section */
		8F17736F19DEAD9B000EC5C4 /* Sources */ = {
			isa = PBXSourcesBuildPhase;
			buildActionMask = 2147483647;
			files = (
				8F17737C19DEAD9B000EC5C4 /* AppDelegate.m in Sources */,
				8F17737F19DEAD9B000EC5C4 /* drawer_menu.xcdatamodeld in Sources */,
				8F17737919DEAD9B000EC5C4 /* main.m in Sources */,
			);
			runOnlyForDeploymentPostprocessing = 0;
		};
		8F17738219DEAD9C000EC5C4 /* Sources */ = {
			isa = PBXSourcesBuildPhase;
			buildActionMask = 2147483647;
			files = (
				8F17738D19DEAD9C000EC5C4 /* drawer_menuTests.m in Sources */,
			);
			runOnlyForDeploymentPostprocessing = 0;
		};
/* End PBXSourcesBuildPhase section */

/* Begin PBXTargetDependency section */
		8F17738819DEAD9C000EC5C4 /* PBXTargetDependency */ = {
			isa = PBXTargetDependency;
			target = 8F17737219DEAD9B000EC5C4 /* drawer menu */;
			targetProxy = 8F17738719DEAD9C000EC5C4 /* PBXContainerItemProxy */;
		};
/* End PBXTargetDependency section */

/* Begin XCBuildConfiguration section */
		8F17738E19DEAD9C000EC5C4 /* Debug */ = {
			isa = XCBuildConfiguration;
			buildSettings = {
				ALWAYS_SEARCH_USER_PATHS = NO;
				CLANG_CXX_LANGUAGE_STANDARD = "gnu++0x";
				CLANG_CXX_LIBRARY = "libc++";
				CLANG_ENABLE_MODULES = YES;
				CLANG_ENABLE_OBJC_ARC = YES;
				CLANG_WARN_BOOL_CONVERSION = YES;
				CLANG_WARN_CONSTANT_CONVERSION = YES;
				CLANG_WARN_DIRECT_OBJC_ISA_USAGE = YES_ERROR;
				CLANG_WARN_EMPTY_BODY = YES;
				CLANG_WARN_ENUM_CONVERSION = YES;
				CLANG_WARN_INT_CONVERSION = YES;
				CLANG_WARN_OBJC_ROOT_CLASS = YES_ERROR;
				CLANG_WARN_UNREACHABLE_CODE = YES;
				CLANG_WARN__DUPLICATE_METHOD_MATCH = YES;
				"CODE_SIGN_IDENTITY[sdk=iphoneos*]" = "iPhone Developer";
				COPY_PHASE_STRIP = NO;
				ENABLE_STRICT_OBJC_MSGSEND = YES;
				GCC_C_LANGUAGE_STANDARD = gnu99;
				GCC_DYNAMIC_NO_PIC = NO;
				GCC_OPTIMIZATION_LEVEL = 0;
				GCC_PREPROCESSOR_DEFINITIONS = (
					"DEBUG=1",
					"$(inherited)",
				);
				GCC_SYMBOLS_PRIVATE_EXTERN = NO;
				GCC_WARN_64_TO_32_BIT_CONVERSION = YES;
				GCC_WARN_ABOUT_RETURN_TYPE = YES_ERROR;
				GCC_WARN_UNDECLARED_SELECTOR = YES;
				GCC_WARN_UNINITIALIZED_AUTOS = YES_AGGRESSIVE;
				GCC_WARN_UNUSED_FUNCTION = YES;
				GCC_WARN_UNUSED_VARIABLE = YES;
				IPHONEOS_DEPLOYMENT_TARGET = 8.0;
				METAL_ENABLE_DEBUG_INFO = YES;
				ONLY_ACTIVE_ARCH = YES;
				SDKROOT = iphoneos;
				TARGETED_DEVICE_FAMILY = "1,2";
			};
			name = Debug;
		};
		8F17738F19DEAD9C000EC5C4 /* Release */ = {
			isa = XCBuildConfiguration;
			buildSettings = {
				ALWAYS_SEARCH_USER_PATHS = NO;
				CLANG_CXX_LANGUAGE_STANDARD = "gnu++0x";
				CLANG_CXX_LIBRARY = "libc++";
				CLANG_ENABLE_MODULES = YES;
				CLANG_ENABLE_OBJC_ARC = YES;
				CLANG_WARN_BOOL_CONVERSION = YES;
				CLANG_WARN_CONSTANT_CONVERSION = YES;
				CLANG_WARN_DIRECT_OBJC_ISA_USAGE = YES_ERROR;
				CLANG_WARN_EMPTY_BODY = YES;
				CLANG_WARN_ENUM_CONVERSION = YES;
				CLANG_WARN_INT_CONVERSION = YES;
				CLANG_WARN_OBJC_ROOT_CLASS = YES_ERROR;
				CLANG_WARN_UNREACHABLE_CODE = YES;
				CLANG_WARN__DUPLICATE_METHOD_MATCH = YES;
				"CODE_SIGN_IDENTITY[sdk=iphoneos*]" = "iPhone Developer";
				COPY_PHASE_STRIP = YES;
				ENABLE_NS_ASSERTIONS = NO;
				ENABLE_STRICT_OBJC_MSGSEND = YES;
				GCC_C_LANGUAGE_STANDARD = gnu99;
				GCC_WARN_64_TO_32_BIT_CONVERSION = YES;
				GCC_WARN_ABOUT_RETURN_TYPE = YES_ERROR;
				GCC_WARN_UNDECLARED_SELECTOR = YES;
				GCC_WARN_UNINITIALIZED_AUTOS = YES_AGGRESSIVE;
				GCC_WARN_UNUSED_FUNCTION = YES;
				GCC_WARN_UNUSED_VARIABLE = YES;
				IPHONEOS_DEPLOYMENT_TARGET = 8.0;
				METAL_ENABLE_DEBUG_INFO = NO;
				SDKROOT = iphoneos;
				TARGETED_DEVICE_FAMILY = "1,2";
				VALIDATE_PRODUCT = YES;
			};
			name = Release;
		};
		8F17739119DEAD9C000EC5C4 /* Debug */ = {
			isa = XCBuildConfiguration;
			buildSettings = {
				ASSETCATALOG_COMPILER_APPICON_NAME = AppIcon;
				ASSETCATALOG_COMPILER_LAUNCHIMAGE_NAME = LaunchImage;
				INFOPLIST_FILE = "drawer menu/Info.plist";
				LD_RUNPATH_SEARCH_PATHS = "$(inherited) @executable_path/Frameworks";
				PRODUCT_NAME = "$(TARGET_NAME)";
			};
			name = Debug;
		};
		8F17739219DEAD9C000EC5C4 /* Release */ = {
			isa = XCBuildConfiguration;
			buildSettings = {
				ASSETCATALOG_COMPILER_APPICON_NAME = AppIcon;
				ASSETCATALOG_COMPILER_LAUNCHIMAGE_NAME = LaunchImage;
				INFOPLIST_FILE = "drawer menu/Info.plist";
				LD_RUNPATH_SEARCH_PATHS = "$(inherited) @executable_path/Frameworks";
				PRODUCT_NAME = "$(TARGET_NAME)";
			};
			name = Release;
		};
		8F17739419DEAD9C000EC5C4 /* Debug */ = {
			isa = XCBuildConfiguration;
			buildSettings = {
				BUNDLE_LOADER = "$(BUILT_PRODUCTS_DIR)/drawer menu.app/drawer menu";
				FRAMEWORK_SEARCH_PATHS = (
					"$(SDKROOT)/Developer/Library/Frameworks",
					"$(inherited)",
				);
				GCC_PREPROCESSOR_DEFINITIONS = (
					"DEBUG=1",
					"$(inherited)",
				);
				INFOPLIST_FILE = "drawer menuTests/Info.plist";
				LD_RUNPATH_SEARCH_PATHS = "$(inherited) @executable_path/Frameworks @loader_path/Frameworks";
				METAL_ENABLE_DEBUG_INFO = YES;
				PRODUCT_NAME = "$(TARGET_NAME)";
				TEST_HOST = "$(BUNDLE_LOADER)";
			};
			name = Debug;
		};
		8F17739519DEAD9C000EC5C4 /* Release */ = {
			isa = XCBuildConfiguration;
			buildSettings = {
				BUNDLE_LOADER = "$(BUILT_PRODUCTS_DIR)/drawer menu.app/drawer menu";
				FRAMEWORK_SEARCH_PATHS = (
					"$(SDKROOT)/Developer/Library/Frameworks",
					"$(inherited)",
				);
				INFOPLIST_FILE = "drawer menuTests/Info.plist";
				LD_RUNPATH_SEARCH_PATHS = "$(inherited) @executable_path/Frameworks @loader_path/Frameworks";
				METAL_ENABLE_DEBUG_INFO = NO;
				PRODUCT_NAME = "$(TARGET_NAME)";
				TEST_HOST = "$(BUNDLE_LOADER)";
			};
			name = Release;
		};
/* End XCBuildConfiguration section */

/* Begin XCConfigurationList section */
		8F17736E19DEAD9B000EC5C4 /* Build configuration list for PBXProject "drawer menu" */ = {
			isa = XCConfigurationList;
			buildConfigurations = (
				8F17738E19DEAD9C000EC5C4 /* Debug */,
				8F17738F19DEAD9C000EC5C4 /* Release */,
			);
			defaultConfigurationIsVisible = 0;
			defaultConfigurationName = Release;
		};
		8F17739019DEAD9C000EC5C4 /* Build configuration list for PBXNativeTarget "drawer menu" */ = {
			isa = XCConfigurationList;
			buildConfigurations = (
				8F17739119DEAD9C000EC5C4 /* Debug */,
				8F17739219DEAD9C000EC5C4 /* Release */,
			);
			defaultConfigurationIsVisible = 0;
		};
		8F17739319DEAD9C000EC5C4 /* Build configuration list for PBXNativeTarget "drawer menuTests" */ = {
			isa = XCConfigurationList;
			buildConfigurations = (
				8F17739419DEAD9C000EC5C4 /* Debug */,
				8F17739519DEAD9C000EC5C4 /* Release */,
			);
			defaultConfigurationIsVisible = 0;
		};
/* End XCConfigurationList section */

/* Begin XCVersionGroup section */
		8F17737D19DEAD9B000EC5C4 /* drawer_menu.xcdatamodeld */ = {
			isa = XCVersionGroup;
			children = (
				8F17737E19DEAD9B000EC5C4 /* drawer_menu.xcdatamodel */,
			);
			currentVersion = 8F17737E19DEAD9B000EC5C4 /* drawer_menu.xcdatamodel */;
			path = drawer_menu.xcdatamodeld;
			sourceTree = "<group>";
			versionGroupType = wrapper.xcdatamodel;
		};
/* End XCVersionGroup section */
	};
	rootObject = 8F17736B19DEAD9B000EC5C4 /* Project object */;
}
